<?xml version="1.0" encoding="utf-8"?>
<Project ToolsVersion="17.0" xmlns="http://schemas.microsoft.com/developer/msbuild/2003">
  <ItemGroup>
    <CustomBuild Include="C:\Users\brayd\OneDrive\Documents\GitHub\CPP-Full-Library\Properties\CMakeFiles\bbddf0599c840500cc6a64f2ef233d9d\RUN_TESTS_force.rule">
      <Filter>CMake Rules</Filter>
    </CustomBuild>
  </ItemGroup>
  <ItemGroup>
    <Filter Include="CMake Rules">
      <UniqueIdentifier>{AEBA6773-FE87-327A-917B-943846164524}</UniqueIdentifier>
    </Filter>
  </ItemGroup>
</Project>
