
Microsoft Visual Studio Solution File, Format Version 12.00
# Visual Studio Version 17
Project("{8BC9CEB8-8B4A-11D0-8D11-00A0C91BC942}") = "ALL_BUILD", "ALL_BUILD.vcxproj", "{64219D1D-9F09-30E9-8325-51D0700E5BA8}"
	ProjectSection(ProjectDependencies) = postProject
		{A4BA0F62-F065-302D-9F13-C2A6205B82D3} = {A4BA0F62-F065-302D-9F13-C2A6205B82D3}
		{4E5F9005-B1E5-39FA-9C22-CD19D168DF33} = {4E5F9005-B1E5-39FA-9C22-CD19D168DF33}
		{925CDBC1-2447-376F-B866-A3A35A7048D8} = {925CDBC1-2447-376F-B866-A3A35A7048D8}
		{014147F4-4993-37FD-BD9B-9799F995369C} = {014147F4-4993-37FD-BD9B-9799F995369C}
		{443ADAF4-093B-3D3F-9A4E-4D45EA5FC251} = {443ADAF4-093B-3D3F-9A4E-4D45EA5FC251}
		{F3748F3A-A630-3761-9205-B7627C3DF07C} = {F3748F3A-A630-3761-9205-B7627C3DF07C}
	EndProjectSection
EndProject
Project("{8BC9CEB8-8B4A-11D0-8D11-00A0C91BC942}") = "INSTALL", "INSTALL.vcxproj", "{8C2C22AF-ECB3-34A4-8EC8-CB84A2382AAD}"
	ProjectSection(ProjectDependencies) = postProject
		{64219D1D-9F09-30E9-8325-51D0700E5BA8} = {64219D1D-9F09-30E9-8325-51D0700E5BA8}
		{A4BA0F62-F065-302D-9F13-C2A6205B82D3} = {A4BA0F62-F065-302D-9F13-C2A6205B82D3}
	EndProjectSection
EndProject
Project("{8BC9CEB8-8B4A-11D0-8D11-00A0C91BC942}") = "RUN_TESTS", "RUN_TESTS.vcxproj", "{71EFE8A4-AF43-36AD-BE31-2237AC331868}"
	ProjectSection(ProjectDependencies) = postProject
		{A4BA0F62-F065-302D-9F13-C2A6205B82D3} = {A4BA0F62-F065-302D-9F13-C2A6205B82D3}
	EndProjectSection
EndProject
Project("{8BC9CEB8-8B4A-11D0-8D11-00A0C91BC942}") = "ZERO_CHECK", "ZERO_CHECK.vcxproj", "{A4BA0F62-F065-302D-9F13-C2A6205B82D3}"
	ProjectSection(ProjectDependencies) = postProject
	EndProjectSection
EndProject
Project("{8BC9CEB8-8B4A-11D0-8D11-00A0C91BC942}") = "gmock", "_deps\googletest-build\googlemock\gmock.vcxproj", "{4E5F9005-B1E5-39FA-9C22-CD19D168DF33}"
	ProjectSection(ProjectDependencies) = postProject
		{A4BA0F62-F065-302D-9F13-C2A6205B82D3} = {A4BA0F62-F065-302D-9F13-C2A6205B82D3}
	EndProjectSection
EndProject
Project("{8BC9CEB8-8B4A-11D0-8D11-00A0C91BC942}") = "gmock_main", "_deps\googletest-build\googlemock\gmock_main.vcxproj", "{925CDBC1-2447-376F-B866-A3A35A7048D8}"
	ProjectSection(ProjectDependencies) = postProject
		{A4BA0F62-F065-302D-9F13-C2A6205B82D3} = {A4BA0F62-F065-302D-9F13-C2A6205B82D3}
	EndProjectSection
EndProject
Project("{8BC9CEB8-8B4A-11D0-8D11-00A0C91BC942}") = "gtest", "_deps\googletest-build\googletest\gtest.vcxproj", "{014147F4-4993-37FD-BD9B-9799F995369C}"
	ProjectSection(ProjectDependencies) = postProject
		{A4BA0F62-F065-302D-9F13-C2A6205B82D3} = {A4BA0F62-F065-302D-9F13-C2A6205B82D3}
	EndProjectSection
EndProject
Project("{8BC9CEB8-8B4A-11D0-8D11-00A0C91BC942}") = "gtest_main", "_deps\googletest-build\googletest\gtest_main.vcxproj", "{443ADAF4-093B-3D3F-9A4E-4D45EA5FC251}"
	ProjectSection(ProjectDependencies) = postProject
		{A4BA0F62-F065-302D-9F13-C2A6205B82D3} = {A4BA0F62-F065-302D-9F13-C2A6205B82D3}
		{014147F4-4993-37FD-BD9B-9799F995369C} = {014147F4-4993-37FD-BD9B-9799F995369C}
	EndProjectSection
EndProject
Project("{8BC9CEB8-8B4A-11D0-8D11-00A0C91BC942}") = "hello_test", "hello_test.vcxproj", "{F3748F3A-A630-3761-9205-B7627C3DF07C}"
	ProjectSection(ProjectDependencies) = postProject
		{A4BA0F62-F065-302D-9F13-C2A6205B82D3} = {A4BA0F62-F065-302D-9F13-C2A6205B82D3}
		{014147F4-4993-37FD-BD9B-9799F995369C} = {014147F4-4993-37FD-BD9B-9799F995369C}
		{443ADAF4-093B-3D3F-9A4E-4D45EA5FC251} = {443ADAF4-093B-3D3F-9A4E-4D45EA5FC251}
	EndProjectSection
EndProject
Global
	GlobalSection(SolutionConfigurationPlatforms) = preSolution
		Debug|x64 = Debug|x64
		Release|x64 = Release|x64
		MinSizeRel|x64 = MinSizeRel|x64
		RelWithDebInfo|x64 = RelWithDebInfo|x64
	EndGlobalSection
	GlobalSection(ProjectConfigurationPlatforms) = postSolution
		{64219D1D-9F09-30E9-8325-51D0700E5BA8}.Debug|x64.ActiveCfg = Debug|x64
		{64219D1D-9F09-30E9-8325-51D0700E5BA8}.Debug|x64.Build.0 = Debug|x64
		{64219D1D-9F09-30E9-8325-51D0700E5BA8}.Release|x64.ActiveCfg = Release|x64
		{64219D1D-9F09-30E9-8325-51D0700E5BA8}.Release|x64.Build.0 = Release|x64
		{64219D1D-9F09-30E9-8325-51D0700E5BA8}.MinSizeRel|x64.ActiveCfg = MinSizeRel|x64
		{64219D1D-9F09-30E9-8325-51D0700E5BA8}.MinSizeRel|x64.Build.0 = MinSizeRel|x64
		{64219D1D-9F09-30E9-8325-51D0700E5BA8}.RelWithDebInfo|x64.ActiveCfg = RelWithDebInfo|x64
		{64219D1D-9F09-30E9-8325-51D0700E5BA8}.RelWithDebInfo|x64.Build.0 = RelWithDebInfo|x64
		{8C2C22AF-ECB3-34A4-8EC8-CB84A2382AAD}.Debug|x64.ActiveCfg = Debug|x64
		{8C2C22AF-ECB3-34A4-8EC8-CB84A2382AAD}.Release|x64.ActiveCfg = Release|x64
		{8C2C22AF-ECB3-34A4-8EC8-CB84A2382AAD}.MinSizeRel|x64.ActiveCfg = MinSizeRel|x64
		{8C2C22AF-ECB3-34A4-8EC8-CB84A2382AAD}.RelWithDebInfo|x64.ActiveCfg = RelWithDebInfo|x64
		{71EFE8A4-AF43-36AD-BE31-2237AC331868}.Debug|x64.ActiveCfg = Debug|x64
		{71EFE8A4-AF43-36AD-BE31-2237AC331868}.Release|x64.ActiveCfg = Release|x64
		{71EFE8A4-AF43-36AD-BE31-2237AC331868}.MinSizeRel|x64.ActiveCfg = MinSizeRel|x64
		{71EFE8A4-AF43-36AD-BE31-2237AC331868}.RelWithDebInfo|x64.ActiveCfg = RelWithDebInfo|x64
		{A4BA0F62-F065-302D-9F13-C2A6205B82D3}.Debug|x64.ActiveCfg = Debug|x64
		{A4BA0F62-F065-302D-9F13-C2A6205B82D3}.Debug|x64.Build.0 = Debug|x64
		{A4BA0F62-F065-302D-9F13-C2A6205B82D3}.Release|x64.ActiveCfg = Release|x64
		{A4BA0F62-F065-302D-9F13-C2A6205B82D3}.Release|x64.Build.0 = Release|x64
		{A4BA0F62-F065-302D-9F13-C2A6205B82D3}.MinSizeRel|x64.ActiveCfg = MinSizeRel|x64
		{A4BA0F62-F065-302D-9F13-C2A6205B82D3}.MinSizeRel|x64.Build.0 = MinSizeRel|x64
		{A4BA0F62-F065-302D-9F13-C2A6205B82D3}.RelWithDebInfo|x64.ActiveCfg = RelWithDebInfo|x64
		{A4BA0F62-F065-302D-9F13-C2A6205B82D3}.RelWithDebInfo|x64.Build.0 = RelWithDebInfo|x64
		{4E5F9005-B1E5-39FA-9C22-CD19D168DF33}.Debug|x64.ActiveCfg = Debug|x64
		{4E5F9005-B1E5-39FA-9C22-CD19D168DF33}.Debug|x64.Build.0 = Debug|x64
		{4E5F9005-B1E5-39FA-9C22-CD19D168DF33}.Release|x64.ActiveCfg = Release|x64
		{4E5F9005-B1E5-39FA-9C22-CD19D168DF33}.Release|x64.Build.0 = Release|x64
		{4E5F9005-B1E5-39FA-9C22-CD19D168DF33}.MinSizeRel|x64.ActiveCfg = MinSizeRel|x64
		{4E5F9005-B1E5-39FA-9C22-CD19D168DF33}.MinSizeRel|x64.Build.0 = MinSizeRel|x64
		{4E5F9005-B1E5-39FA-9C22-CD19D168DF33}.RelWithDebInfo|x64.ActiveCfg = RelWithDebInfo|x64
		{4E5F9005-B1E5-39FA-9C22-CD19D168DF33}.RelWithDebInfo|x64.Build.0 = RelWithDebInfo|x64
		{925CDBC1-2447-376F-B866-A3A35A7048D8}.Debug|x64.ActiveCfg = Debug|x64
		{925CDBC1-2447-376F-B866-A3A35A7048D8}.Debug|x64.Build.0 = Debug|x64
		{925CDBC1-2447-376F-B866-A3A35A7048D8}.Release|x64.ActiveCfg = Release|x64
		{925CDBC1-2447-376F-B866-A3A35A7048D8}.Release|x64.Build.0 = Release|x64
		{925CDBC1-2447-376F-B866-A3A35A7048D8}.MinSizeRel|x64.ActiveCfg = MinSizeRel|x64
		{925CDBC1-2447-376F-B866-A3A35A7048D8}.MinSizeRel|x64.Build.0 = MinSizeRel|x64
		{925CDBC1-2447-376F-B866-A3A35A7048D8}.RelWithDebInfo|x64.ActiveCfg = RelWithDebInfo|x64
		{925CDBC1-2447-376F-B866-A3A35A7048D8}.RelWithDebInfo|x64.Build.0 = RelWithDebInfo|x64
		{014147F4-4993-37FD-BD9B-9799F995369C}.Debug|x64.ActiveCfg = Debug|x64
		{014147F4-4993-37FD-BD9B-9799F995369C}.Debug|x64.Build.0 = Debug|x64
		{014147F4-4993-37FD-BD9B-9799F995369C}.Release|x64.ActiveCfg = Release|x64
		{014147F4-4993-37FD-BD9B-9799F995369C}.Release|x64.Build.0 = Release|x64
		{014147F4-4993-37FD-BD9B-9799F995369C}.MinSizeRel|x64.ActiveCfg = MinSizeRel|x64
		{014147F4-4993-37FD-BD9B-9799F995369C}.MinSizeRel|x64.Build.0 = MinSizeRel|x64
		{014147F4-4993-37FD-BD9B-9799F995369C}.RelWithDebInfo|x64.ActiveCfg = RelWithDebInfo|x64
		{014147F4-4993-37FD-BD9B-9799F995369C}.RelWithDebInfo|x64.Build.0 = RelWithDebInfo|x64
		{443ADAF4-093B-3D3F-9A4E-4D45EA5FC251}.Debug|x64.ActiveCfg = Debug|x64
		{443ADAF4-093B-3D3F-9A4E-4D45EA5FC251}.Debug|x64.Build.0 = Debug|x64
		{443ADAF4-093B-3D3F-9A4E-4D45EA5FC251}.Release|x64.ActiveCfg = Release|x64
		{443ADAF4-093B-3D3F-9A4E-4D45EA5FC251}.Release|x64.Build.0 = Release|x64
		{443ADAF4-093B-3D3F-9A4E-4D45EA5FC251}.MinSizeRel|x64.ActiveCfg = MinSizeRel|x64
		{443ADAF4-093B-3D3F-9A4E-4D45EA5FC251}.MinSizeRel|x64.Build.0 = MinSizeRel|x64
		{443ADAF4-093B-3D3F-9A4E-4D45EA5FC251}.RelWithDebInfo|x64.ActiveCfg = RelWithDebInfo|x64
		{443ADAF4-093B-3D3F-9A4E-4D45EA5FC251}.RelWithDebInfo|x64.Build.0 = RelWithDebInfo|x64
		{F3748F3A-A630-3761-9205-B7627C3DF07C}.Debug|x64.ActiveCfg = Debug|x64
		{F3748F3A-A630-3761-9205-B7627C3DF07C}.Debug|x64.Build.0 = Debug|x64
		{F3748F3A-A630-3761-9205-B7627C3DF07C}.Release|x64.ActiveCfg = Release|x64
		{F3748F3A-A630-3761-9205-B7627C3DF07C}.Release|x64.Build.0 = Release|x64
		{F3748F3A-A630-3761-9205-B7627C3DF07C}.MinSizeRel|x64.ActiveCfg = MinSizeRel|x64
		{F3748F3A-A630-3761-9205-B7627C3DF07C}.MinSizeRel|x64.Build.0 = MinSizeRel|x64
		{F3748F3A-A630-3761-9205-B7627C3DF07C}.RelWithDebInfo|x64.ActiveCfg = RelWithDebInfo|x64
		{F3748F3A-A630-3761-9205-B7627C3DF07C}.RelWithDebInfo|x64.Build.0 = RelWithDebInfo|x64
	EndGlobalSection
	GlobalSection(ExtensibilityGlobals) = postSolution
		SolutionGuid = {4260C89E-C0B0-3F1A-9B22-8F6C2D9A2141}
	EndGlobalSection
	GlobalSection(ExtensibilityAddIns) = postSolution
	EndGlobalSection
EndGlobal
