
Microsoft Visual Studio Solution File, Format Version 12.00
# Visual Studio Version 17
Project("{8BC9CEB8-8B4A-11D0-8D11-00A0C91BC942}") = "ALL_BUILD", "ALL_BUILD.vcxproj", "{8E9AE99F-97A3-34DB-B0CB-198D076438A8}"
	ProjectSection(ProjectDependencies) = postProject
		{1505AF47-28E3-3A8D-B2FD-634B34F2BF42} = {1505AF47-28E3-3A8D-B2FD-634B34F2BF42}
		{97938467-3C5C-3173-A559-CCFDE953AF17} = {97938467-3C5C-3173-A559-CCFDE953AF17}
		{7282A00F-E876-3A2D-94ED-3236E019EBA2} = {7282A00F-E876-3A2D-94ED-3236E019EBA2}
		{545EB2F2-F15D-3330-9C66-D0A0D0CC32C4} = {545EB2F2-F15D-3330-9C66-D0A0D0CC32C4}
		{C1F25AC1-9298-3690-82BB-A48C0C1FCD74} = {C1F25AC1-9298-3690-82BB-A48C0C1FCD74}
		{D11ABD52-EC73-3CAD-A115-D3A7F2744662} = {D11ABD52-EC73-3CAD-A115-D3A7F2744662}
	EndProjectSection
EndProject
Project("{8BC9CEB8-8B4A-11D0-8D11-00A0C91BC942}") = "INSTALL", "INSTALL.vcxproj", "{5E504F5E-1952-3641-85DB-F18DED434D68}"
	ProjectSection(ProjectDependencies) = postProject
		{8E9AE99F-97A3-34DB-B0CB-198D076438A8} = {8E9AE99F-97A3-34DB-B0CB-198D076438A8}
		{1505AF47-28E3-3A8D-B2FD-634B34F2BF42} = {1505AF47-28E3-3A8D-B2FD-634B34F2BF42}
	EndProjectSection
EndProject
Project("{8BC9CEB8-8B4A-11D0-8D11-00A0C91BC942}") = "RUN_TESTS", "RUN_TESTS.vcxproj", "{BFDC7FFA-3D81-3318-8E6B-732F0FB201B6}"
	ProjectSection(ProjectDependencies) = postProject
		{1505AF47-28E3-3A8D-B2FD-634B34F2BF42} = {1505AF47-28E3-3A8D-B2FD-634B34F2BF42}
	EndProjectSection
EndProject
Project("{8BC9CEB8-8B4A-11D0-8D11-00A0C91BC942}") = "ZERO_CHECK", "ZERO_CHECK.vcxproj", "{1505AF47-28E3-3A8D-B2FD-634B34F2BF42}"
	ProjectSection(ProjectDependencies) = postProject
	EndProjectSection
EndProject
Project("{8BC9CEB8-8B4A-11D0-8D11-00A0C91BC942}") = "gmock", "_deps\googletest-build\googlemock\gmock.vcxproj", "{97938467-3C5C-3173-A559-CCFDE953AF17}"
	ProjectSection(ProjectDependencies) = postProject
		{1505AF47-28E3-3A8D-B2FD-634B34F2BF42} = {1505AF47-28E3-3A8D-B2FD-634B34F2BF42}
	EndProjectSection
EndProject
Project("{8BC9CEB8-8B4A-11D0-8D11-00A0C91BC942}") = "gmock_main", "_deps\googletest-build\googlemock\gmock_main.vcxproj", "{7282A00F-E876-3A2D-94ED-3236E019EBA2}"
	ProjectSection(ProjectDependencies) = postProject
		{1505AF47-28E3-3A8D-B2FD-634B34F2BF42} = {1505AF47-28E3-3A8D-B2FD-634B34F2BF42}
	EndProjectSection
EndProject
Project("{8BC9CEB8-8B4A-11D0-8D11-00A0C91BC942}") = "gtest", "_deps\googletest-build\googletest\gtest.vcxproj", "{545EB2F2-F15D-3330-9C66-D0A0D0CC32C4}"
	ProjectSection(ProjectDependencies) = postProject
		{1505AF47-28E3-3A8D-B2FD-634B34F2BF42} = {1505AF47-28E3-3A8D-B2FD-634B34F2BF42}
	EndProjectSection
EndProject
Project("{8BC9CEB8-8B4A-11D0-8D11-00A0C91BC942}") = "gtest_main", "_deps\googletest-build\googletest\gtest_main.vcxproj", "{C1F25AC1-9298-3690-82BB-A48C0C1FCD74}"
	ProjectSection(ProjectDependencies) = postProject
		{1505AF47-28E3-3A8D-B2FD-634B34F2BF42} = {1505AF47-28E3-3A8D-B2FD-634B34F2BF42}
		{545EB2F2-F15D-3330-9C66-D0A0D0CC32C4} = {545EB2F2-F15D-3330-9C66-D0A0D0CC32C4}
	EndProjectSection
EndProject
Project("{8BC9CEB8-8B4A-11D0-8D11-00A0C91BC942}") = "hello_test", "hello_test.vcxproj", "{D11ABD52-EC73-3CAD-A115-D3A7F2744662}"
	ProjectSection(ProjectDependencies) = postProject
		{1505AF47-28E3-3A8D-B2FD-634B34F2BF42} = {1505AF47-28E3-3A8D-B2FD-634B34F2BF42}
		{545EB2F2-F15D-3330-9C66-D0A0D0CC32C4} = {545EB2F2-F15D-3330-9C66-D0A0D0CC32C4}
		{C1F25AC1-9298-3690-82BB-A48C0C1FCD74} = {C1F25AC1-9298-3690-82BB-A48C0C1FCD74}
	EndProjectSection
EndProject
Global
	GlobalSection(SolutionConfigurationPlatforms) = preSolution
		Debug|x64 = Debug|x64
		Release|x64 = Release|x64
		MinSizeRel|x64 = MinSizeRel|x64
		RelWithDebInfo|x64 = RelWithDebInfo|x64
	EndGlobalSection
	GlobalSection(ProjectConfigurationPlatforms) = postSolution
		{8E9AE99F-97A3-34DB-B0CB-198D076438A8}.Debug|x64.ActiveCfg = Debug|x64
		{8E9AE99F-97A3-34DB-B0CB-198D076438A8}.Debug|x64.Build.0 = Debug|x64
		{8E9AE99F-97A3-34DB-B0CB-198D076438A8}.Release|x64.ActiveCfg = Release|x64
		{8E9AE99F-97A3-34DB-B0CB-198D076438A8}.Release|x64.Build.0 = Release|x64
		{8E9AE99F-97A3-34DB-B0CB-198D076438A8}.MinSizeRel|x64.ActiveCfg = MinSizeRel|x64
		{8E9AE99F-97A3-34DB-B0CB-198D076438A8}.MinSizeRel|x64.Build.0 = MinSizeRel|x64
		{8E9AE99F-97A3-34DB-B0CB-198D076438A8}.RelWithDebInfo|x64.ActiveCfg = RelWithDebInfo|x64
		{8E9AE99F-97A3-34DB-B0CB-198D076438A8}.RelWithDebInfo|x64.Build.0 = RelWithDebInfo|x64
		{5E504F5E-1952-3641-85DB-F18DED434D68}.Debug|x64.ActiveCfg = Debug|x64
		{5E504F5E-1952-3641-85DB-F18DED434D68}.Release|x64.ActiveCfg = Release|x64
		{5E504F5E-1952-3641-85DB-F18DED434D68}.MinSizeRel|x64.ActiveCfg = MinSizeRel|x64
		{5E504F5E-1952-3641-85DB-F18DED434D68}.RelWithDebInfo|x64.ActiveCfg = RelWithDebInfo|x64
		{BFDC7FFA-3D81-3318-8E6B-732F0FB201B6}.Debug|x64.ActiveCfg = Debug|x64
		{BFDC7FFA-3D81-3318-8E6B-732F0FB201B6}.Release|x64.ActiveCfg = Release|x64
		{BFDC7FFA-3D81-3318-8E6B-732F0FB201B6}.MinSizeRel|x64.ActiveCfg = MinSizeRel|x64
		{BFDC7FFA-3D81-3318-8E6B-732F0FB201B6}.RelWithDebInfo|x64.ActiveCfg = RelWithDebInfo|x64
		{1505AF47-28E3-3A8D-B2FD-634B34F2BF42}.Debug|x64.ActiveCfg = Debug|x64
		{1505AF47-28E3-3A8D-B2FD-634B34F2BF42}.Debug|x64.Build.0 = Debug|x64
		{1505AF47-28E3-3A8D-B2FD-634B34F2BF42}.Release|x64.ActiveCfg = Release|x64
		{1505AF47-28E3-3A8D-B2FD-634B34F2BF42}.Release|x64.Build.0 = Release|x64
		{1505AF47-28E3-3A8D-B2FD-634B34F2BF42}.MinSizeRel|x64.ActiveCfg = MinSizeRel|x64
		{1505AF47-28E3-3A8D-B2FD-634B34F2BF42}.MinSizeRel|x64.Build.0 = MinSizeRel|x64
		{1505AF47-28E3-3A8D-B2FD-634B34F2BF42}.RelWithDebInfo|x64.ActiveCfg = RelWithDebInfo|x64
		{1505AF47-28E3-3A8D-B2FD-634B34F2BF42}.RelWithDebInfo|x64.Build.0 = RelWithDebInfo|x64
		{97938467-3C5C-3173-A559-CCFDE953AF17}.Debug|x64.ActiveCfg = Debug|x64
		{97938467-3C5C-3173-A559-CCFDE953AF17}.Debug|x64.Build.0 = Debug|x64
		{97938467-3C5C-3173-A559-CCFDE953AF17}.Release|x64.ActiveCfg = Release|x64
		{97938467-3C5C-3173-A559-CCFDE953AF17}.Release|x64.Build.0 = Release|x64
		{97938467-3C5C-3173-A559-CCFDE953AF17}.MinSizeRel|x64.ActiveCfg = MinSizeRel|x64
		{97938467-3C5C-3173-A559-CCFDE953AF17}.MinSizeRel|x64.Build.0 = MinSizeRel|x64
		{97938467-3C5C-3173-A559-CCFDE953AF17}.RelWithDebInfo|x64.ActiveCfg = RelWithDebInfo|x64
		{97938467-3C5C-3173-A559-CCFDE953AF17}.RelWithDebInfo|x64.Build.0 = RelWithDebInfo|x64
		{7282A00F-E876-3A2D-94ED-3236E019EBA2}.Debug|x64.ActiveCfg = Debug|x64
		{7282A00F-E876-3A2D-94ED-3236E019EBA2}.Debug|x64.Build.0 = Debug|x64
		{7282A00F-E876-3A2D-94ED-3236E019EBA2}.Release|x64.ActiveCfg = Release|x64
		{7282A00F-E876-3A2D-94ED-3236E019EBA2}.Release|x64.Build.0 = Release|x64
		{7282A00F-E876-3A2D-94ED-3236E019EBA2}.MinSizeRel|x64.ActiveCfg = MinSizeRel|x64
		{7282A00F-E876-3A2D-94ED-3236E019EBA2}.MinSizeRel|x64.Build.0 = MinSizeRel|x64
		{7282A00F-E876-3A2D-94ED-3236E019EBA2}.RelWithDebInfo|x64.ActiveCfg = RelWithDebInfo|x64
		{7282A00F-E876-3A2D-94ED-3236E019EBA2}.RelWithDebInfo|x64.Build.0 = RelWithDebInfo|x64
		{545EB2F2-F15D-3330-9C66-D0A0D0CC32C4}.Debug|x64.ActiveCfg = Debug|x64
		{545EB2F2-F15D-3330-9C66-D0A0D0CC32C4}.Debug|x64.Build.0 = Debug|x64
		{545EB2F2-F15D-3330-9C66-D0A0D0CC32C4}.Release|x64.ActiveCfg = Release|x64
		{545EB2F2-F15D-3330-9C66-D0A0D0CC32C4}.Release|x64.Build.0 = Release|x64
		{545EB2F2-F15D-3330-9C66-D0A0D0CC32C4}.MinSizeRel|x64.ActiveCfg = MinSizeRel|x64
		{545EB2F2-F15D-3330-9C66-D0A0D0CC32C4}.MinSizeRel|x64.Build.0 = MinSizeRel|x64
		{545EB2F2-F15D-3330-9C66-D0A0D0CC32C4}.RelWithDebInfo|x64.ActiveCfg = RelWithDebInfo|x64
		{545EB2F2-F15D-3330-9C66-D0A0D0CC32C4}.RelWithDebInfo|x64.Build.0 = RelWithDebInfo|x64
		{C1F25AC1-9298-3690-82BB-A48C0C1FCD74}.Debug|x64.ActiveCfg = Debug|x64
		{C1F25AC1-9298-3690-82BB-A48C0C1FCD74}.Debug|x64.Build.0 = Debug|x64
		{C1F25AC1-9298-3690-82BB-A48C0C1FCD74}.Release|x64.ActiveCfg = Release|x64
		{C1F25AC1-9298-3690-82BB-A48C0C1FCD74}.Release|x64.Build.0 = Release|x64
		{C1F25AC1-9298-3690-82BB-A48C0C1FCD74}.MinSizeRel|x64.ActiveCfg = MinSizeRel|x64
		{C1F25AC1-9298-3690-82BB-A48C0C1FCD74}.MinSizeRel|x64.Build.0 = MinSizeRel|x64
		{C1F25AC1-9298-3690-82BB-A48C0C1FCD74}.RelWithDebInfo|x64.ActiveCfg = RelWithDebInfo|x64
		{C1F25AC1-9298-3690-82BB-A48C0C1FCD74}.RelWithDebInfo|x64.Build.0 = RelWithDebInfo|x64
		{D11ABD52-EC73-3CAD-A115-D3A7F2744662}.Debug|x64.ActiveCfg = Debug|x64
		{D11ABD52-EC73-3CAD-A115-D3A7F2744662}.Debug|x64.Build.0 = Debug|x64
		{D11ABD52-EC73-3CAD-A115-D3A7F2744662}.Release|x64.ActiveCfg = Release|x64
		{D11ABD52-EC73-3CAD-A115-D3A7F2744662}.Release|x64.Build.0 = Release|x64
		{D11ABD52-EC73-3CAD-A115-D3A7F2744662}.MinSizeRel|x64.ActiveCfg = MinSizeRel|x64
		{D11ABD52-EC73-3CAD-A115-D3A7F2744662}.MinSizeRel|x64.Build.0 = MinSizeRel|x64
		{D11ABD52-EC73-3CAD-A115-D3A7F2744662}.RelWithDebInfo|x64.ActiveCfg = RelWithDebInfo|x64
		{D11ABD52-EC73-3CAD-A115-D3A7F2744662}.RelWithDebInfo|x64.Build.0 = RelWithDebInfo|x64
	EndGlobalSection
	GlobalSection(ExtensibilityGlobals) = postSolution
		SolutionGuid = {E5157349-282A-3C27-8054-91DAFD97D8BA}
	EndGlobalSection
	GlobalSection(ExtensibilityAddIns) = postSolution
	EndGlobalSection
EndGlobal
