<?xml version="1.0" encoding="utf-8"?>
<Project ToolsVersion="17.0" xmlns="http://schemas.microsoft.com/developer/msbuild/2003">
  <ItemGroup>
    <CustomBuild Include="C:\Users\brayd\OneDrive\Documents\GitHub\CPP-Full-Libraries\SimpleVector\CMakeFiles\330d53400660eee4dd7235e07b7bbf9b\RUN_TESTS_force.rule">
      <Filter>CMake Rules</Filter>
    </CustomBuild>
  </ItemGroup>
  <ItemGroup>
    <Filter Include="CMake Rules">
      <UniqueIdentifier>{7A96861F-3A90-3FE9-9862-8784E69AD758}</UniqueIdentifier>
    </Filter>
  </ItemGroup>
</Project>
